
Microsoft Visual Studio Solution File, Format Version 12.00
# Visual Studio Version 16
VisualStudioVersion = 16.0.30128.74
MinimumVisualStudioVersion = 10.0.40219.1
Project("{9A19103F-16F7-4668-BE54-9A1E7A4F7556}") = "AKavalevich", "AKavalevich.csproj", "{590791C2-8984-4AFD-B134-A312D9F084D0}"
EndProject
Project("{FAE04EC0-301F-11D3-BF4B-00C04F79EFBC}") = "Exercise_Two", "..\Exercise_Two\Exercise_Two.csproj", "{90C326C5-F1A0-436D-A050-F7C345EB0529}"
EndProject
Global
	GlobalSection(SolutionConfigurationPlatforms) = preSolution
		Debug|Any CPU = Debug|Any CPU
		Release|Any CPU = Release|Any CPU
	EndGlobalSection
	GlobalSection(ProjectConfigurationPlatforms) = postSolution
		{590791C2-8984-4AFD-B134-A312D9F084D0}.Debug|Any CPU.ActiveCfg = Debug|Any CPU
		{590791C2-8984-4AFD-B134-A312D9F084D0}.Debug|Any CPU.Build.0 = Debug|Any CPU
		{590791C2-8984-4AFD-B134-A312D9F084D0}.Release|Any CPU.ActiveCfg = Release|Any CPU
		{590791C2-8984-4AFD-B134-A312D9F084D0}.Release|Any CPU.Build.0 = Release|Any CPU
		{90C326C5-F1A0-436D-A050-F7C345EB0529}.Debug|Any CPU.ActiveCfg = Debug|Any CPU
		{90C326C5-F1A0-436D-A050-F7C345EB0529}.Debug|Any CPU.Build.0 = Debug|Any CPU
		{90C326C5-F1A0-436D-A050-F7C345EB0529}.Release|Any CPU.ActiveCfg = Release|Any CPU
		{90C326C5-F1A0-436D-A050-F7C345EB0529}.Release|Any CPU.Build.0 = Release|Any CPU
	EndGlobalSection
	GlobalSection(SolutionProperties) = preSolution
		HideSolutionNode = FALSE
	EndGlobalSection
	GlobalSection(ExtensibilityGlobals) = postSolution
		SolutionGuid = {06DCBA4B-69D3-4E7F-B881-039CA1AFB4AF}
	EndGlobalSection
EndGlobal
